
Microsoft Visual Studio Solution File, Format Version 12.00
# Visual Studio Version 17
VisualStudioVersion = 17.6.33723.286
MinimumVisualStudioVersion = 10.0.40219.1
Project("{9A19103F-16F7-4668-BE54-9A1E7A4F7556}") = "GateCDN", "GateCDN\GateCDN.csproj", "{1C75F077-69A7-469A-9FB6-54B565A6952C}"
EndProject
Project("{FAE04EC0-301F-11D3-BF4B-00C04F79EFBC}") = "WebApplication1", "WebApplication1\WebApplication1.csproj", "{2905ED60-F772-4B68-9383-BD0D4BA8973E}"
EndProject
Global
	GlobalSection(SolutionConfigurationPlatforms) = preSolution
		Debug|Any CPU = Debug|Any CPU
		Release|Any CPU = Release|Any CPU
	EndGlobalSection
	GlobalSection(ProjectConfigurationPlatforms) = postSolution
		{1C75F077-69A7-469A-9FB6-54B565A6952C}.Debug|Any CPU.ActiveCfg = Debug|Any CPU
		{1C75F077-69A7-469A-9FB6-54B565A6952C}.Debug|Any CPU.Build.0 = Debug|Any CPU
		{1C75F077-69A7-469A-9FB6-54B565A6952C}.Release|Any CPU.ActiveCfg = Release|Any CPU
		{1C75F077-69A7-469A-9FB6-54B565A6952C}.Release|Any CPU.Build.0 = Release|Any CPU
		{2905ED60-F772-4B68-9383-BD0D4BA8973E}.Debug|Any CPU.ActiveCfg = Debug|Any CPU
		{2905ED60-F772-4B68-9383-BD0D4BA8973E}.Debug|Any CPU.Build.0 = Debug|Any CPU
		{2905ED60-F772-4B68-9383-BD0D4BA8973E}.Release|Any CPU.ActiveCfg = Release|Any CPU
		{2905ED60-F772-4B68-9383-BD0D4BA8973E}.Release|Any CPU.Build.0 = Release|Any CPU
	EndGlobalSection
	GlobalSection(SolutionProperties) = preSolution
		HideSolutionNode = FALSE
	EndGlobalSection
	GlobalSection(ExtensibilityGlobals) = postSolution
		SolutionGuid = {32A8E905-2D59-4FAB-9D78-B52008954AC6}
	EndGlobalSection
EndGlobal
